
Microsoft Visual Studio Solution File, Format Version 12.00
# Visual Studio Version 17
VisualStudioVersion = 17.1.32210.238
MinimumVisualStudioVersion = 10.0.40219.1
Project("{FAE04EC0-301F-11D3-BF4B-00C04F79EFBC}") = "WinFormsApp1", "WinFormsApp1.csproj", "{68970654-02B8-4BBE-B143-E9C04586632B}"
EndProject
Global
	GlobalSection(SolutionConfigurationPlatforms) = preSolution
		Debug|Any CPU = Debug|Any CPU
		Release|Any CPU = Release|Any CPU
	EndGlobalSection
	GlobalSection(ProjectConfigurationPlatforms) = postSolution
		{68970654-02B8-4BBE-B143-E9C04586632B}.Debug|Any CPU.ActiveCfg = Debug|Any CPU
		{68970654-02B8-4BBE-B143-E9C04586632B}.Debug|Any CPU.Build.0 = Debug|Any CPU
		{68970654-02B8-4BBE-B143-E9C04586632B}.Release|Any CPU.ActiveCfg = Release|Any CPU
		{68970654-02B8-4BBE-B143-E9C04586632B}.Release|Any CPU.Build.0 = Release|Any CPU
	EndGlobalSection
	GlobalSection(SolutionProperties) = preSolution
		HideSolutionNode = FALSE
	EndGlobalSection
	GlobalSection(ExtensibilityGlobals) = postSolution
		SolutionGuid = {FBC7E495-B624-4E7D-A344-A707423FBE29}
	EndGlobalSection
EndGlobal
